
Microsoft Visual Studio Solution File, Format Version 12.00
# Visual Studio Version 17
VisualStudioVersion = 17.9.34616.47
MinimumVisualStudioVersion = 10.0.40219.1
Project("{FAE04EC0-301F-11D3-BF4B-00C04F79EFBC}") = "Primer", "Primer\Primer.csproj", "{49BFA83A-60D1-4346-8809-107E6738F893}"
EndProject
Global
	GlobalSection(SolutionConfigurationPlatforms) = preSolution
		Debug|Any CPU = Debug|Any CPU
		Release|Any CPU = Release|Any CPU
	EndGlobalSection
	GlobalSection(ProjectConfigurationPlatforms) = postSolution
		{49BFA83A-60D1-4346-8809-107E6738F893}.Debug|Any CPU.ActiveCfg = Debug|Any CPU
		{49BFA83A-60D1-4346-8809-107E6738F893}.Debug|Any CPU.Build.0 = Debug|Any CPU
		{49BFA83A-60D1-4346-8809-107E6738F893}.Release|Any CPU.ActiveCfg = Release|Any CPU
		{49BFA83A-60D1-4346-8809-107E6738F893}.Release|Any CPU.Build.0 = Release|Any CPU
	EndGlobalSection
	GlobalSection(SolutionProperties) = preSolution
		HideSolutionNode = FALSE
	EndGlobalSection
	GlobalSection(ExtensibilityGlobals) = postSolution
		SolutionGuid = {EC971FAB-30B1-44E2-B15D-E600702A1B7E}
	EndGlobalSection
EndGlobal
